
Microsoft Visual Studio Solution File, Format Version 12.00
# Visual Studio Version 16
VisualStudioVersion = 16.0.30413.136
MinimumVisualStudioVersion = 10.0.40219.1
Project("{8BC9CEB8-8B4A-11D0-8D11-00A0C91BC942}") = "Ch_01", "Ch_01\Ch_01.vcxproj", "{DBCA29F3-F419-44F2-9788-F02BFC00BD30}"
EndProject
Project("{8BC9CEB8-8B4A-11D0-8D11-00A0C91BC942}") = "Ch_02", "Ch_02\Ch_02.vcxproj", "{2F165D4B-4BBA-4218-8F37-388B3B42B389}"
EndProject
Project("{8BC9CEB8-8B4A-11D0-8D11-00A0C91BC942}") = "Ch_03", "Ch_03\Ch_03.vcxproj", "{5067835A-77B4-4874-8A1F-BC21A2A738C5}"
EndProject
Project("{8BC9CEB8-8B4A-11D0-8D11-00A0C91BC942}") = "StringCtrlSample", "StringCtrlSample\StringCtrlSample.vcxproj", "{60A0C8B9-DC3F-4537-AF07-1424CBC6C0CE}"
EndProject
Project("{8BC9CEB8-8B4A-11D0-8D11-00A0C91BC942}") = "StringCtrlSampleBook", "StringCtrlSampleBook\StringCtrlSampleBook.vcxproj", "{569C0184-E8C8-4B3C-8F81-7B20AF6E63FA}"
EndProject
Project("{8BC9CEB8-8B4A-11D0-8D11-00A0C91BC942}") = "Ch_04", "Ch_04\Ch_04.vcxproj", "{B982B2EA-F4E5-475C-8C04-B630349D3B5C}"
EndProject
Project("{8BC9CEB8-8B4A-11D0-8D11-00A0C91BC942}") = "Ch_04_StringCtrl", "Ch_04_StringCtrl\Ch_04_StringCtrl.vcxproj", "{283BF5B1-1938-4BA0-9F5B-18BC27E09744}"
EndProject
Project("{8BC9CEB8-8B4A-11D0-8D11-00A0C91BC942}") = "Ch_04_StringCtrlBook", "Ch_04_StringCtrlBook\Ch_04_StringCtrlBook.vcxproj", "{D4986264-09C6-4031-987C-C4EFC22957E1}"
EndProject
Project("{8BC9CEB8-8B4A-11D0-8D11-00A0C91BC942}") = "Ch_04_2_StringCtrl", "Ch_04_2_StringCtrl\Ch_04_2_StringCtrl.vcxproj", "{718A9300-762F-46C8-B9CD-6C6FC7873374}"
EndProject
Project("{8BC9CEB8-8B4A-11D0-8D11-00A0C91BC942}") = "Ch_05", "Ch_05\Ch_05.vcxproj", "{B4347A81-1604-4B59-991A-49468DDE8FCC}"
EndProject
Project("{8BC9CEB8-8B4A-11D0-8D11-00A0C91BC942}") = "Ch_05_StringCtrl", "Ch_05_StringCtrl\Ch_05_StringCtrl.vcxproj", "{7979B2F5-7D5A-4788-B667-63DA50D5E7DE}"
EndProject
Project("{8BC9CEB8-8B4A-11D0-8D11-00A0C91BC942}") = "Ch_06", "Ch_06\Ch_06.vcxproj", "{91F47C30-8C57-4AD0-AA45-4E9DA8E14FDF}"
EndProject
Project("{8BC9CEB8-8B4A-11D0-8D11-00A0C91BC942}") = "Ch_06_StringCtrlSample", "Ch_06_StringCtrlSample\Ch_06_StringCtrlSample.vcxproj", "{46CAC95E-5C10-4813-B1B7-57A214D84352}"
EndProject
Project("{8BC9CEB8-8B4A-11D0-8D11-00A0C91BC942}") = "Ch_06_StringCtrlSample_02", "Ch_06_StringCtrlSample_02\Ch_06_StringCtrlSample_02.vcxproj", "{31CA89B5-6F76-473B-B870-C19B56EB74FC}"
EndProject
Project("{8BC9CEB8-8B4A-11D0-8D11-00A0C91BC942}") = "Ch_06_StringCtrlSample_03", "Ch_06_StringCtrlSample_03\Ch_06_StringCtrlSample_03.vcxproj", "{C4A8B47D-CC2B-4B4C-B9D9-D1776952C0F8}"
EndProject
Project("{8BC9CEB8-8B4A-11D0-8D11-00A0C91BC942}") = "Ch_10", "Ch_10\Ch_10.vcxproj", "{F16FC270-F227-4B6B-AEE1-D765AA061969}"
EndProject
Project("{8BC9CEB8-8B4A-11D0-8D11-00A0C91BC942}") = "Ch_07", "Ch_07\Ch_07.vcxproj", "{464BB40C-9E2A-4797-A792-F881CAA88958}"
EndProject
Project("{8BC9CEB8-8B4A-11D0-8D11-00A0C91BC942}") = "Practice12_StringCtrlSample", "Practice12_StringCtrlSample\Practice12_StringCtrlSample.vcxproj", "{12AD393A-3EBA-4CFD-8E62-3D7978C066B7}"
EndProject
Project("{8BC9CEB8-8B4A-11D0-8D11-00A0C91BC942}") = "Ch_08", "Ch_08\Ch_08.vcxproj", "{FA9A5893-4764-4812-A042-CB7B560D4D7B}"
EndProject
Project("{8BC9CEB8-8B4A-11D0-8D11-00A0C91BC942}") = "Practice13_StringCtrlSample", "Practice13_StringCtrlSample\Practice13_StringCtrlSample.vcxproj", "{933F28DF-13DD-4D91-B7C6-C9785819CCFF}"
EndProject
Project("{8BC9CEB8-8B4A-11D0-8D11-00A0C91BC942}") = "Ch_09", "Ch_09\Ch_09.vcxproj", "{9830F1B0-5E80-40C9-8E03-5ADD727FC8A1}"
EndProject
Global
	GlobalSection(SolutionConfigurationPlatforms) = preSolution
		Debug|x64 = Debug|x64
		Debug|x86 = Debug|x86
		Release|x64 = Release|x64
		Release|x86 = Release|x86
	EndGlobalSection
	GlobalSection(ProjectConfigurationPlatforms) = postSolution
		{DBCA29F3-F419-44F2-9788-F02BFC00BD30}.Debug|x64.ActiveCfg = Debug|x64
		{DBCA29F3-F419-44F2-9788-F02BFC00BD30}.Debug|x64.Build.0 = Debug|x64
		{DBCA29F3-F419-44F2-9788-F02BFC00BD30}.Debug|x86.ActiveCfg = Debug|Win32
		{DBCA29F3-F419-44F2-9788-F02BFC00BD30}.Debug|x86.Build.0 = Debug|Win32
		{DBCA29F3-F419-44F2-9788-F02BFC00BD30}.Release|x64.ActiveCfg = Release|x64
		{DBCA29F3-F419-44F2-9788-F02BFC00BD30}.Release|x64.Build.0 = Release|x64
		{DBCA29F3-F419-44F2-9788-F02BFC00BD30}.Release|x86.ActiveCfg = Release|Win32
		{DBCA29F3-F419-44F2-9788-F02BFC00BD30}.Release|x86.Build.0 = Release|Win32
		{2F165D4B-4BBA-4218-8F37-388B3B42B389}.Debug|x64.ActiveCfg = Debug|x64
		{2F165D4B-4BBA-4218-8F37-388B3B42B389}.Debug|x64.Build.0 = Debug|x64
		{2F165D4B-4BBA-4218-8F37-388B3B42B389}.Debug|x86.ActiveCfg = Debug|Win32
		{2F165D4B-4BBA-4218-8F37-388B3B42B389}.Debug|x86.Build.0 = Debug|Win32
		{2F165D4B-4BBA-4218-8F37-388B3B42B389}.Release|x64.ActiveCfg = Release|x64
		{2F165D4B-4BBA-4218-8F37-388B3B42B389}.Release|x64.Build.0 = Release|x64
		{2F165D4B-4BBA-4218-8F37-388B3B42B389}.Release|x86.ActiveCfg = Release|Win32
		{2F165D4B-4BBA-4218-8F37-388B3B42B389}.Release|x86.Build.0 = Release|Win32
		{5067835A-77B4-4874-8A1F-BC21A2A738C5}.Debug|x64.ActiveCfg = Debug|x64
		{5067835A-77B4-4874-8A1F-BC21A2A738C5}.Debug|x64.Build.0 = Debug|x64
		{5067835A-77B4-4874-8A1F-BC21A2A738C5}.Debug|x86.ActiveCfg = Debug|Win32
		{5067835A-77B4-4874-8A1F-BC21A2A738C5}.Debug|x86.Build.0 = Debug|Win32
		{5067835A-77B4-4874-8A1F-BC21A2A738C5}.Release|x64.ActiveCfg = Release|x64
		{5067835A-77B4-4874-8A1F-BC21A2A738C5}.Release|x64.Build.0 = Release|x64
		{5067835A-77B4-4874-8A1F-BC21A2A738C5}.Release|x86.ActiveCfg = Release|Win32
		{5067835A-77B4-4874-8A1F-BC21A2A738C5}.Release|x86.Build.0 = Release|Win32
		{60A0C8B9-DC3F-4537-AF07-1424CBC6C0CE}.Debug|x64.ActiveCfg = Debug|x64
		{60A0C8B9-DC3F-4537-AF07-1424CBC6C0CE}.Debug|x64.Build.0 = Debug|x64
		{60A0C8B9-DC3F-4537-AF07-1424CBC6C0CE}.Debug|x86.ActiveCfg = Debug|Win32
		{60A0C8B9-DC3F-4537-AF07-1424CBC6C0CE}.Debug|x86.Build.0 = Debug|Win32
		{60A0C8B9-DC3F-4537-AF07-1424CBC6C0CE}.Release|x64.ActiveCfg = Release|x64
		{60A0C8B9-DC3F-4537-AF07-1424CBC6C0CE}.Release|x64.Build.0 = Release|x64
		{60A0C8B9-DC3F-4537-AF07-1424CBC6C0CE}.Release|x86.ActiveCfg = Release|Win32
		{60A0C8B9-DC3F-4537-AF07-1424CBC6C0CE}.Release|x86.Build.0 = Release|Win32
		{569C0184-E8C8-4B3C-8F81-7B20AF6E63FA}.Debug|x64.ActiveCfg = Debug|x64
		{569C0184-E8C8-4B3C-8F81-7B20AF6E63FA}.Debug|x64.Build.0 = Debug|x64
		{569C0184-E8C8-4B3C-8F81-7B20AF6E63FA}.Debug|x86.ActiveCfg = Debug|Win32
		{569C0184-E8C8-4B3C-8F81-7B20AF6E63FA}.Debug|x86.Build.0 = Debug|Win32
		{569C0184-E8C8-4B3C-8F81-7B20AF6E63FA}.Release|x64.ActiveCfg = Release|x64
		{569C0184-E8C8-4B3C-8F81-7B20AF6E63FA}.Release|x64.Build.0 = Release|x64
		{569C0184-E8C8-4B3C-8F81-7B20AF6E63FA}.Release|x86.ActiveCfg = Release|Win32
		{569C0184-E8C8-4B3C-8F81-7B20AF6E63FA}.Release|x86.Build.0 = Release|Win32
		{B982B2EA-F4E5-475C-8C04-B630349D3B5C}.Debug|x64.ActiveCfg = Debug|x64
		{B982B2EA-F4E5-475C-8C04-B630349D3B5C}.Debug|x64.Build.0 = Debug|x64
		{B982B2EA-F4E5-475C-8C04-B630349D3B5C}.Debug|x86.ActiveCfg = Debug|Win32
		{B982B2EA-F4E5-475C-8C04-B630349D3B5C}.Debug|x86.Build.0 = Debug|Win32
		{B982B2EA-F4E5-475C-8C04-B630349D3B5C}.Release|x64.ActiveCfg = Release|x64
		{B982B2EA-F4E5-475C-8C04-B630349D3B5C}.Release|x64.Build.0 = Release|x64
		{B982B2EA-F4E5-475C-8C04-B630349D3B5C}.Release|x86.ActiveCfg = Release|Win32
		{B982B2EA-F4E5-475C-8C04-B630349D3B5C}.Release|x86.Build.0 = Release|Win32
		{283BF5B1-1938-4BA0-9F5B-18BC27E09744}.Debug|x64.ActiveCfg = Debug|x64
		{283BF5B1-1938-4BA0-9F5B-18BC27E09744}.Debug|x64.Build.0 = Debug|x64
		{283BF5B1-1938-4BA0-9F5B-18BC27E09744}.Debug|x86.ActiveCfg = Debug|Win32
		{283BF5B1-1938-4BA0-9F5B-18BC27E09744}.Debug|x86.Build.0 = Debug|Win32
		{283BF5B1-1938-4BA0-9F5B-18BC27E09744}.Release|x64.ActiveCfg = Release|x64
		{283BF5B1-1938-4BA0-9F5B-18BC27E09744}.Release|x64.Build.0 = Release|x64
		{283BF5B1-1938-4BA0-9F5B-18BC27E09744}.Release|x86.ActiveCfg = Release|Win32
		{283BF5B1-1938-4BA0-9F5B-18BC27E09744}.Release|x86.Build.0 = Release|Win32
		{D4986264-09C6-4031-987C-C4EFC22957E1}.Debug|x64.ActiveCfg = Debug|x64
		{D4986264-09C6-4031-987C-C4EFC22957E1}.Debug|x64.Build.0 = Debug|x64
		{D4986264-09C6-4031-987C-C4EFC22957E1}.Debug|x86.ActiveCfg = Debug|Win32
		{D4986264-09C6-4031-987C-C4EFC22957E1}.Debug|x86.Build.0 = Debug|Win32
		{D4986264-09C6-4031-987C-C4EFC22957E1}.Release|x64.ActiveCfg = Release|x64
		{D4986264-09C6-4031-987C-C4EFC22957E1}.Release|x64.Build.0 = Release|x64
		{D4986264-09C6-4031-987C-C4EFC22957E1}.Release|x86.ActiveCfg = Release|Win32
		{D4986264-09C6-4031-987C-C4EFC22957E1}.Release|x86.Build.0 = Release|Win32
		{718A9300-762F-46C8-B9CD-6C6FC7873374}.Debug|x64.ActiveCfg = Debug|x64
		{718A9300-762F-46C8-B9CD-6C6FC7873374}.Debug|x64.Build.0 = Debug|x64
		{718A9300-762F-46C8-B9CD-6C6FC7873374}.Debug|x86.ActiveCfg = Debug|Win32
		{718A9300-762F-46C8-B9CD-6C6FC7873374}.Debug|x86.Build.0 = Debug|Win32
		{718A9300-762F-46C8-B9CD-6C6FC7873374}.Release|x64.ActiveCfg = Release|x64
		{718A9300-762F-46C8-B9CD-6C6FC7873374}.Release|x64.Build.0 = Release|x64
		{718A9300-762F-46C8-B9CD-6C6FC7873374}.Release|x86.ActiveCfg = Release|Win32
		{718A9300-762F-46C8-B9CD-6C6FC7873374}.Release|x86.Build.0 = Release|Win32
		{B4347A81-1604-4B59-991A-49468DDE8FCC}.Debug|x64.ActiveCfg = Debug|x64
		{B4347A81-1604-4B59-991A-49468DDE8FCC}.Debug|x64.Build.0 = Debug|x64
		{B4347A81-1604-4B59-991A-49468DDE8FCC}.Debug|x86.ActiveCfg = Debug|Win32
		{B4347A81-1604-4B59-991A-49468DDE8FCC}.Debug|x86.Build.0 = Debug|Win32
		{B4347A81-1604-4B59-991A-49468DDE8FCC}.Release|x64.ActiveCfg = Release|x64
		{B4347A81-1604-4B59-991A-49468DDE8FCC}.Release|x64.Build.0 = Release|x64
		{B4347A81-1604-4B59-991A-49468DDE8FCC}.Release|x86.ActiveCfg = Release|Win32
		{B4347A81-1604-4B59-991A-49468DDE8FCC}.Release|x86.Build.0 = Release|Win32
		{7979B2F5-7D5A-4788-B667-63DA50D5E7DE}.Debug|x64.ActiveCfg = Debug|x64
		{7979B2F5-7D5A-4788-B667-63DA50D5E7DE}.Debug|x64.Build.0 = Debug|x64
		{7979B2F5-7D5A-4788-B667-63DA50D5E7DE}.Debug|x86.ActiveCfg = Debug|Win32
		{7979B2F5-7D5A-4788-B667-63DA50D5E7DE}.Debug|x86.Build.0 = Debug|Win32
		{7979B2F5-7D5A-4788-B667-63DA50D5E7DE}.Release|x64.ActiveCfg = Release|x64
		{7979B2F5-7D5A-4788-B667-63DA50D5E7DE}.Release|x64.Build.0 = Release|x64
		{7979B2F5-7D5A-4788-B667-63DA50D5E7DE}.Release|x86.ActiveCfg = Release|Win32
		{7979B2F5-7D5A-4788-B667-63DA50D5E7DE}.Release|x86.Build.0 = Release|Win32
		{91F47C30-8C57-4AD0-AA45-4E9DA8E14FDF}.Debug|x64.ActiveCfg = Debug|x64
		{91F47C30-8C57-4AD0-AA45-4E9DA8E14FDF}.Debug|x64.Build.0 = Debug|x64
		{91F47C30-8C57-4AD0-AA45-4E9DA8E14FDF}.Debug|x86.ActiveCfg = Debug|Win32
		{91F47C30-8C57-4AD0-AA45-4E9DA8E14FDF}.Debug|x86.Build.0 = Debug|Win32
		{91F47C30-8C57-4AD0-AA45-4E9DA8E14FDF}.Release|x64.ActiveCfg = Release|x64
		{91F47C30-8C57-4AD0-AA45-4E9DA8E14FDF}.Release|x64.Build.0 = Release|x64
		{91F47C30-8C57-4AD0-AA45-4E9DA8E14FDF}.Release|x86.ActiveCfg = Release|Win32
		{91F47C30-8C57-4AD0-AA45-4E9DA8E14FDF}.Release|x86.Build.0 = Release|Win32
		{46CAC95E-5C10-4813-B1B7-57A214D84352}.Debug|x64.ActiveCfg = Debug|x64
		{46CAC95E-5C10-4813-B1B7-57A214D84352}.Debug|x64.Build.0 = Debug|x64
		{46CAC95E-5C10-4813-B1B7-57A214D84352}.Debug|x86.ActiveCfg = Debug|Win32
		{46CAC95E-5C10-4813-B1B7-57A214D84352}.Debug|x86.Build.0 = Debug|Win32
		{46CAC95E-5C10-4813-B1B7-57A214D84352}.Release|x64.ActiveCfg = Release|x64
		{46CAC95E-5C10-4813-B1B7-57A214D84352}.Release|x64.Build.0 = Release|x64
		{46CAC95E-5C10-4813-B1B7-57A214D84352}.Release|x86.ActiveCfg = Release|Win32
		{46CAC95E-5C10-4813-B1B7-57A214D84352}.Release|x86.Build.0 = Release|Win32
		{31CA89B5-6F76-473B-B870-C19B56EB74FC}.Debug|x64.ActiveCfg = Debug|x64
		{31CA89B5-6F76-473B-B870-C19B56EB74FC}.Debug|x64.Build.0 = Debug|x64
		{31CA89B5-6F76-473B-B870-C19B56EB74FC}.Debug|x86.ActiveCfg = Debug|Win32
		{31CA89B5-6F76-473B-B870-C19B56EB74FC}.Debug|x86.Build.0 = Debug|Win32
		{31CA89B5-6F76-473B-B870-C19B56EB74FC}.Release|x64.ActiveCfg = Release|x64
		{31CA89B5-6F76-473B-B870-C19B56EB74FC}.Release|x64.Build.0 = Release|x64
		{31CA89B5-6F76-473B-B870-C19B56EB74FC}.Release|x86.ActiveCfg = Release|Win32
		{31CA89B5-6F76-473B-B870-C19B56EB74FC}.Release|x86.Build.0 = Release|Win32
		{C4A8B47D-CC2B-4B4C-B9D9-D1776952C0F8}.Debug|x64.ActiveCfg = Debug|x64
		{C4A8B47D-CC2B-4B4C-B9D9-D1776952C0F8}.Debug|x64.Build.0 = Debug|x64
		{C4A8B47D-CC2B-4B4C-B9D9-D1776952C0F8}.Debug|x86.ActiveCfg = Debug|Win32
		{C4A8B47D-CC2B-4B4C-B9D9-D1776952C0F8}.Debug|x86.Build.0 = Debug|Win32
		{C4A8B47D-CC2B-4B4C-B9D9-D1776952C0F8}.Release|x64.ActiveCfg = Release|x64
		{C4A8B47D-CC2B-4B4C-B9D9-D1776952C0F8}.Release|x64.Build.0 = Release|x64
		{C4A8B47D-CC2B-4B4C-B9D9-D1776952C0F8}.Release|x86.ActiveCfg = Release|Win32
		{C4A8B47D-CC2B-4B4C-B9D9-D1776952C0F8}.Release|x86.Build.0 = Release|Win32
		{F16FC270-F227-4B6B-AEE1-D765AA061969}.Debug|x64.ActiveCfg = Debug|x64
		{F16FC270-F227-4B6B-AEE1-D765AA061969}.Debug|x64.Build.0 = Debug|x64
		{F16FC270-F227-4B6B-AEE1-D765AA061969}.Debug|x86.ActiveCfg = Debug|Win32
		{F16FC270-F227-4B6B-AEE1-D765AA061969}.Debug|x86.Build.0 = Debug|Win32
		{F16FC270-F227-4B6B-AEE1-D765AA061969}.Release|x64.ActiveCfg = Release|x64
		{F16FC270-F227-4B6B-AEE1-D765AA061969}.Release|x64.Build.0 = Release|x64
		{F16FC270-F227-4B6B-AEE1-D765AA061969}.Release|x86.ActiveCfg = Release|Win32
		{F16FC270-F227-4B6B-AEE1-D765AA061969}.Release|x86.Build.0 = Release|Win32
		{464BB40C-9E2A-4797-A792-F881CAA88958}.Debug|x64.ActiveCfg = Debug|x64
		{464BB40C-9E2A-4797-A792-F881CAA88958}.Debug|x64.Build.0 = Debug|x64
		{464BB40C-9E2A-4797-A792-F881CAA88958}.Debug|x86.ActiveCfg = Debug|Win32
		{464BB40C-9E2A-4797-A792-F881CAA88958}.Debug|x86.Build.0 = Debug|Win32
		{464BB40C-9E2A-4797-A792-F881CAA88958}.Release|x64.ActiveCfg = Release|x64
		{464BB40C-9E2A-4797-A792-F881CAA88958}.Release|x64.Build.0 = Release|x64
		{464BB40C-9E2A-4797-A792-F881CAA88958}.Release|x86.ActiveCfg = Release|Win32
		{464BB40C-9E2A-4797-A792-F881CAA88958}.Release|x86.Build.0 = Release|Win32
		{12AD393A-3EBA-4CFD-8E62-3D7978C066B7}.Debug|x64.ActiveCfg = Debug|x64
		{12AD393A-3EBA-4CFD-8E62-3D7978C066B7}.Debug|x64.Build.0 = Debug|x64
		{12AD393A-3EBA-4CFD-8E62-3D7978C066B7}.Debug|x86.ActiveCfg = Debug|Win32
		{12AD393A-3EBA-4CFD-8E62-3D7978C066B7}.Debug|x86.Build.0 = Debug|Win32
		{12AD393A-3EBA-4CFD-8E62-3D7978C066B7}.Release|x64.ActiveCfg = Release|x64
		{12AD393A-3EBA-4CFD-8E62-3D7978C066B7}.Release|x64.Build.0 = Release|x64
		{12AD393A-3EBA-4CFD-8E62-3D7978C066B7}.Release|x86.ActiveCfg = Release|Win32
		{12AD393A-3EBA-4CFD-8E62-3D7978C066B7}.Release|x86.Build.0 = Release|Win32
		{FA9A5893-4764-4812-A042-CB7B560D4D7B}.Debug|x64.ActiveCfg = Debug|x64
		{FA9A5893-4764-4812-A042-CB7B560D4D7B}.Debug|x64.Build.0 = Debug|x64
		{FA9A5893-4764-4812-A042-CB7B560D4D7B}.Debug|x86.ActiveCfg = Debug|Win32
		{FA9A5893-4764-4812-A042-CB7B560D4D7B}.Debug|x86.Build.0 = Debug|Win32
		{FA9A5893-4764-4812-A042-CB7B560D4D7B}.Release|x64.ActiveCfg = Release|x64
		{FA9A5893-4764-4812-A042-CB7B560D4D7B}.Release|x64.Build.0 = Release|x64
		{FA9A5893-4764-4812-A042-CB7B560D4D7B}.Release|x86.ActiveCfg = Release|Win32
		{FA9A5893-4764-4812-A042-CB7B560D4D7B}.Release|x86.Build.0 = Release|Win32
		{933F28DF-13DD-4D91-B7C6-C9785819CCFF}.Debug|x64.ActiveCfg = Debug|x64
		{933F28DF-13DD-4D91-B7C6-C9785819CCFF}.Debug|x64.Build.0 = Debug|x64
		{933F28DF-13DD-4D91-B7C6-C9785819CCFF}.Debug|x86.ActiveCfg = Debug|Win32
		{933F28DF-13DD-4D91-B7C6-C9785819CCFF}.Debug|x86.Build.0 = Debug|Win32
		{933F28DF-13DD-4D91-B7C6-C9785819CCFF}.Release|x64.ActiveCfg = Release|x64
		{933F28DF-13DD-4D91-B7C6-C9785819CCFF}.Release|x64.Build.0 = Release|x64
		{933F28DF-13DD-4D91-B7C6-C9785819CCFF}.Release|x86.ActiveCfg = Release|Win32
		{933F28DF-13DD-4D91-B7C6-C9785819CCFF}.Release|x86.Build.0 = Release|Win32
		{9830F1B0-5E80-40C9-8E03-5ADD727FC8A1}.Debug|x64.ActiveCfg = Debug|x64
		{9830F1B0-5E80-40C9-8E03-5ADD727FC8A1}.Debug|x64.Build.0 = Debug|x64
		{9830F1B0-5E80-40C9-8E03-5ADD727FC8A1}.Debug|x86.ActiveCfg = Debug|Win32
		{9830F1B0-5E80-40C9-8E03-5ADD727FC8A1}.Debug|x86.Build.0 = Debug|Win32
		{9830F1B0-5E80-40C9-8E03-5ADD727FC8A1}.Release|x64.ActiveCfg = Release|x64
		{9830F1B0-5E80-40C9-8E03-5ADD727FC8A1}.Release|x64.Build.0 = Release|x64
		{9830F1B0-5E80-40C9-8E03-5ADD727FC8A1}.Release|x86.ActiveCfg = Release|Win32
		{9830F1B0-5E80-40C9-8E03-5ADD727FC8A1}.Release|x86.Build.0 = Release|Win32
	EndGlobalSection
	GlobalSection(SolutionProperties) = preSolution
		HideSolutionNode = FALSE
	EndGlobalSection
	GlobalSection(ExtensibilityGlobals) = postSolution
		SolutionGuid = {DA7FFB9D-0546-41E3-9ACC-F65E7C205691}
	EndGlobalSection
EndGlobal
